// !$*UTF8*$!
{
	archiveVersion = 1;
	classes = {
	};
	objectVersion = 56;
	objects = {

/* Begin PBXBuildFile section */
		8CEC93332CA4508500501975 /* Login_ExampleApp.swift in Sources */ = {isa = PBXBuildFile; fileRef = 8CEC93322CA4508500501975 /* Login_ExampleApp.swift */; };
		8CEC93352CA4508500501975 /* ContentView.swift in Sources */ = {isa = PBXBuildFile; fileRef = 8CEC93342CA4508500501975 /* ContentView.swift */; };
		8CEC93372CA4508600501975 /* Assets.xcassets in Resources */ = {isa = PBXBuildFile; fileRef = 8CEC93362CA4508600501975 /* Assets.xcassets */; };
		8CEC933A2CA4508600501975 /* Preview Assets.xcassets in Resources */ = {isa = PBXBuildFile; fileRef = 8CEC93392CA4508600501975 /* Preview Assets.xcassets */; };
		8CEC93442CA4508600501975 /* Login_ExampleTests.swift in Sources */ = {isa = PBXBuildFile; fileRef = 8CEC93432CA4508600501975 /* Login_ExampleTests.swift */; };
		8CEC934E2CA4508600501975 /* Login_ExampleUITests.swift in Sources */ = {isa = PBXBuildFile; fileRef = 8CEC934D2CA4508600501975 /* Login_ExampleUITests.swift */; };
		8CEC93502CA4508700501975 /* Login_ExampleUITestsLaunchTests.swift in Sources */ = {isa = PBXBuildFile; fileRef = 8CEC934F2CA4508700501975 /* Login_ExampleUITestsLaunchTests.swift */; };
/* End PBXBuildFile section */

/* Begin PBXContainerItemProxy section */
		8CEC93402CA4508600501975 /* PBXContainerItemProxy */ = {
			isa = PBXContainerItemProxy;
			containerPortal = 8CEC93272CA4508400501975 /* Project object */;
			proxyType = 1;
			remoteGlobalIDString = 8CEC932E2CA4508500501975;
			remoteInfo = "Login Example";
		};
		8CEC934A2CA4508600501975 /* PBXContainerItemProxy */ = {
			isa = PBXContainerItemProxy;
			containerPortal = 8CEC93272CA4508400501975 /* Project object */;
			proxyType = 1;
			remoteGlobalIDString = 8CEC932E2CA4508500501975;
			remoteInfo = "Login Example";
		};
/* End PBXContainerItemProxy section */

/* Begin PBXFileReference section */
		8CEC932F2CA4508500501975 /* Login Example.app */ = {isa = PBXFileReference; explicitFileType = wrapper.application; includeInIndex = 0; path = "Login Example.app"; sourceTree = BUILT_PRODUCTS_DIR; };
		8CEC93322CA4508500501975 /* Login_ExampleApp.swift */ = {isa = PBXFileReference; lastKnownFileType = sourcecode.swift; path = Login_ExampleApp.swift; sourceTree = "<group>"; };
		8CEC93342CA4508500501975 /* ContentView.swift */ = {isa = PBXFileReference; lastKnownFileType = sourcecode.swift; path = ContentView.swift; sourceTree = "<group>"; };
		8CEC93362CA4508600501975 /* Assets.xcassets */ = {isa = PBXFileReference; lastKnownFileType = folder.assetcatalog; path = Assets.xcassets; sourceTree = "<group>"; };
		8CEC93392CA4508600501975 /* Preview Assets.xcassets */ = {isa = PBXFileReference; lastKnownFileType = folder.assetcatalog; path = "Preview Assets.xcassets"; sourceTree = "<group>"; };
		8CEC933F2CA4508600501975 /* Login ExampleTests.xctest */ = {isa = PBXFileReference; explicitFileType = wrapper.cfbundle; includeInIndex = 0; path = "Login ExampleTests.xctest"; sourceTree = BUILT_PRODUCTS_DIR; };
		8CEC93432CA4508600501975 /* Login_ExampleTests.swift */ = {isa = PBXFileReference; lastKnownFileType = sourcecode.swift; path = Login_ExampleTests.swift; sourceTree = "<group>"; };
		8CEC93492CA4508600501975 /* Login ExampleUITests.xctest */ = {isa = PBXFileReference; explicitFileType = wrapper.cfbundle; includeInIndex = 0; path = "Login ExampleUITests.xctest"; sourceTree = BUILT_PRODUCTS_DIR; };
		8CEC934D2CA4508600501975 /* Login_ExampleUITests.swift */ = {isa = PBXFileReference; lastKnownFileType = sourcecode.swift; path = Login_ExampleUITests.swift; sourceTree = "<group>"; };
		8CEC934F2CA4508700501975 /* Login_ExampleUITestsLaunchTests.swift */ = {isa = PBXFileReference; lastKnownFileType = sourcecode.swift; path = Login_ExampleUITestsLaunchTests.swift; sourceTree = "<group>"; };
/* End PBXFileReference section */

/* Begin PBXFrameworksBuildPhase section */
		8CEC932C2CA4508500501975 /* Frameworks */ = {
			isa = PBXFrameworksBuildPhase;
			buildActionMask = 2147483647;
			files = (
			);
			runOnlyForDeploymentPostprocessing = 0;
		};
		8CEC933C2CA4508600501975 /* Frameworks */ = {
			isa = PBXFrameworksBuildPhase;
			buildActionMask = 2147483647;
			files = (
			);
			runOnlyForDeploymentPostprocessing = 0;
		};
		8CEC93462CA4508600501975 /* Frameworks */ = {
			isa = PBXFrameworksBuildPhase;
			buildActionMask = 2147483647;
			files = (
			);
			runOnlyForDeploymentPostprocessing = 0;
		};
/* End PBXFrameworksBuildPhase section */

/* Begin PBXGroup section */
		8CEC93262CA4508400501975 = {
			isa = PBXGroup;
			children = (
				8CEC93312CA4508500501975 /* Login Example */,
				8CEC93422CA4508600501975 /* Login ExampleTests */,
				8CEC934C2CA4508600501975 /* Login ExampleUITests */,
				8CEC93302CA4508500501975 /* Products */,
			);
			sourceTree = "<group>";
		};
		8CEC93302CA4508500501975 /* Products */ = {
			isa = PBXGroup;
			children = (
				8CEC932F2CA4508500501975 /* Login Example.app */,
				8CEC933F2CA4508600501975 /* Login ExampleTests.xctest */,
				8CEC93492CA4508600501975 /* Login ExampleUITests.xctest */,
			);
			name = Products;
			sourceTree = "<group>";
		};
		8CEC93312CA4508500501975 /* Login Example */ = {
			isa = PBXGroup;
			children = (
				8CEC93322CA4508500501975 /* Login_ExampleApp.swift */,
				8CEC93342CA4508500501975 /* ContentView.swift */,
				8CEC93362CA4508600501975 /* Assets.xcassets */,
				8CEC93382CA4508600501975 /* Preview Content */,
			);
			path = "Login Example";
			sourceTree = "<group>";
		};
		8CEC93382CA4508600501975 /* Preview Content */ = {
			isa = PBXGroup;
			children = (
				8CEC93392CA4508600501975 /* Preview Assets.xcassets */,
			);
			path = "Preview Content";
			sourceTree = "<group>";
		};
		8CEC93422CA4508600501975 /* Login ExampleTests */ = {
			isa = PBXGroup;
			children = (
				8CEC93432CA4508600501975 /* Login_ExampleTests.swift */,
			);
			path = "Login ExampleTests";
			sourceTree = "<group>";
		};
		8CEC934C2CA4508600501975 /* Login ExampleUITests */ = {
			isa = PBXGroup;
			children = (
				8CEC934D2CA4508600501975 /* Login_ExampleUITests.swift */,
				8CEC934F2CA4508700501975 /* Login_ExampleUITestsLaunchTests.swift */,
			);
			path = "Login ExampleUITests";
			sourceTree = "<group>";
		};
/* End PBXGroup section */

/* Begin PBXNativeTarget section */
		8CEC932E2CA4508500501975 /* Login Example */ = {
			isa = PBXNativeTarget;
			buildConfigurationList = 8CEC93532CA4508700501975 /* Build configuration list for PBXNativeTarget "Login Example" */;
			buildPhases = (
				8CEC932B2CA4508500501975 /* Sources */,
				8CEC932C2CA4508500501975 /* Frameworks */,
				8CEC932D2CA4508500501975 /* Resources */,
			);
			buildRules = (
			);
			dependencies = (
			);
			name = "Login Example";
			productName = "Login Example";
			productReference = 8CEC932F2CA4508500501975 /* Login Example.app */;
			productType = "com.apple.product-type.application";
		};
		8CEC933E2CA4508600501975 /* Login ExampleTests */ = {
			isa = PBXNativeTarget;
			buildConfigurationList = 8CEC93562CA4508700501975 /* Build configuration list for PBXNativeTarget "Login ExampleTests" */;
			buildPhases = (
				8CEC933B2CA4508600501975 /* Sources */,
				8CEC933C2CA4508600501975 /* Frameworks */,
				8CEC933D2CA4508600501975 /* Resources */,
			);
			buildRules = (
			);
			dependencies = (
				8CEC93412CA4508600501975 /* PBXTargetDependency */,
			);
			name = "Login ExampleTests";
			productName = "Login ExampleTests";
			productReference = 8CEC933F2CA4508600501975 /* Login ExampleTests.xctest */;
			productType = "com.apple.product-type.bundle.unit-test";
		};
		8CEC93482CA4508600501975 /* Login ExampleUITests */ = {
			isa = PBXNativeTarget;
			buildConfigurationList = 8CEC93592CA4508700501975 /* Build configuration list for PBXNativeTarget "Login ExampleUITests" */;
			buildPhases = (
				8CEC93452CA4508600501975 /* Sources */,
				8CEC93462CA4508600501975 /* Frameworks */,
				8CEC93472CA4508600501975 /* Resources */,
			);
			buildRules = (
			);
			dependencies = (
				8CEC934B2CA4508600501975 /* PBXTargetDependency */,
			);
			name = "Login ExampleUITests";
			productName = "Login ExampleUITests";
			productReference = 8CEC93492CA4508600501975 /* Login ExampleUITests.xctest */;
			productType = "com.apple.product-type.bundle.ui-testing";
		};
/* End PBXNativeTarget section */

/* Begin PBXProject section */
		8CEC93272CA4508400501975 /* Project object */ = {
			isa = PBXProject;
			attributes = {
				BuildIndependentTargetsInParallel = 1;
				LastSwiftUpdateCheck = 1500;
				LastUpgradeCheck = 1500;
				TargetAttributes = {
					8CEC932E2CA4508500501975 = {
						CreatedOnToolsVersion = 15.0;
					};
					8CEC933E2CA4508600501975 = {
						CreatedOnToolsVersion = 15.0;
						TestTargetID = 8CEC932E2CA4508500501975;
					};
					8CEC93482CA4508600501975 = {
						CreatedOnToolsVersion = 15.0;
						TestTargetID = 8CEC932E2CA4508500501975;
					};
				};
			};
			buildConfigurationList = 8CEC932A2CA4508400501975 /* Build configuration list for PBXProject "Login Example" */;
			compatibilityVersion = "Xcode 14.0";
			developmentRegion = en;
			hasScannedForEncodings = 0;
			knownRegions = (
				en,
				Base,
			);
			mainGroup = 8CEC93262CA4508400501975;
			productRefGroup = 8CEC93302CA4508500501975 /* Products */;
			projectDirPath = "";
			projectRoot = "";
			targets = (
				8CEC932E2CA4508500501975 /* Login Example */,
				8CEC933E2CA4508600501975 /* Login ExampleTests */,
				8CEC93482CA4508600501975 /* Login ExampleUITests */,
			);
		};
/* End PBXProject section */

/* Begin PBXResourcesBuildPhase section */
		8CEC932D2CA4508500501975 /* Resources */ = {
			isa = PBXResourcesBuildPhase;
			buildActionMask = 2147483647;
			files = (
				8CEC933A2CA4508600501975 /* Preview Assets.xcassets in Resources */,
				8CEC93372CA4508600501975 /* Assets.xcassets in Resources */,
			);
			runOnlyForDeploymentPostprocessing = 0;
		};
		8CEC933D2CA4508600501975 /* Resources */ = {
			isa = PBXResourcesBuildPhase;
			buildActionMask = 2147483647;
			files = (
			);
			runOnlyForDeploymentPostprocessing = 0;
		};
		8CEC93472CA4508600501975 /* Resources */ = {
			isa = PBXResourcesBuildPhase;
			buildActionMask = 2147483647;
			files = (
			);
			runOnlyForDeploymentPostprocessing = 0;
		};
/* End PBXResourcesBuildPhase section */

/* Begin PBXSourcesBuildPhase section */
		8CEC932B2CA4508500501975 /* Sources */ = {
			isa = PBXSourcesBuildPhase;
			buildActionMask = 2147483647;
			files = (
				8CEC93352CA4508500501975 /* ContentView.swift in Sources */,
				8CEC93332CA4508500501975 /* Login_ExampleApp.swift in Sources */,
			);
			runOnlyForDeploymentPostprocessing = 0;
		};
		8CEC933B2CA4508600501975 /* Sources */ = {
			isa = PBXSourcesBuildPhase;
			buildActionMask = 2147483647;
			files = (
				8CEC93442CA4508600501975 /* Login_ExampleTests.swift in Sources */,
			);
			runOnlyForDeploymentPostprocessing = 0;
		};
		8CEC93452CA4508600501975 /* Sources */ = {
			isa = PBXSourcesBuildPhase;
			buildActionMask = 2147483647;
			files = (
				8CEC934E2CA4508600501975 /* Login_ExampleUITests.swift in Sources */,
				8CEC93502CA4508700501975 /* Login_ExampleUITestsLaunchTests.swift in Sources */,
			);
			runOnlyForDeploymentPostprocessing = 0;
		};
/* End PBXSourcesBuildPhase section */

/* Begin PBXTargetDependency section */
		8CEC93412CA4508600501975 /* PBXTargetDependency */ = {
			isa = PBXTargetDependency;
			target = 8CEC932E2CA4508500501975 /* Login Example */;
			targetProxy = 8CEC93402CA4508600501975 /* PBXContainerItemProxy */;
		};
		8CEC934B2CA4508600501975 /* PBXTargetDependency */ = {
			isa = PBXTargetDependency;
			target = 8CEC932E2CA4508500501975 /* Login Example */;
			targetProxy = 8CEC934A2CA4508600501975 /* PBXContainerItemProxy */;
		};
/* End PBXTargetDependency section */

/* Begin XCBuildConfiguration section */
		8CEC93512CA4508700501975 /* Debug */ = {
			isa = XCBuildConfiguration;
			buildSettings = {
				ALWAYS_SEARCH_USER_PATHS = NO;
				ASSETCATALOG_COMPILER_GENERATE_SWIFT_ASSET_SYMBOL_EXTENSIONS = YES;
				CLANG_ANALYZER_NONNULL = YES;
				CLANG_ANALYZER_NUMBER_OBJECT_CONVERSION = YES_AGGRESSIVE;
				CLANG_CXX_LANGUAGE_STANDARD = "gnu++20";
				CLANG_ENABLE_MODULES = YES;
				CLANG_ENABLE_OBJC_ARC = YES;
				CLANG_ENABLE_OBJC_WEAK = YES;
				CLANG_WARN_BLOCK_CAPTURE_AUTORELEASING = YES;
				CLANG_WARN_BOOL_CONVERSION = YES;
				CLANG_WARN_COMMA = YES;
				CLANG_WARN_CONSTANT_CONVERSION = YES;
				CLANG_WARN_DEPRECATED_OBJC_IMPLEMENTATIONS = YES;
				CLANG_WARN_DIRECT_OBJC_ISA_USAGE = YES_ERROR;
				CLANG_WARN_DOCUMENTATION_COMMENTS = YES;
				CLANG_WARN_EMPTY_BODY = YES;
				CLANG_WARN_ENUM_CONVERSION = YES;
				CLANG_WARN_INFINITE_RECURSION = YES;
				CLANG_WARN_INT_CONVERSION = YES;
				CLANG_WARN_NON_LITERAL_NULL_CONVERSION = YES;
				CLANG_WARN_OBJC_IMPLICIT_RETAIN_SELF = YES;
				CLANG_WARN_OBJC_LITERAL_CONVERSION = YES;
				CLANG_WARN_OBJC_ROOT_CLASS = YES_ERROR;
				CLANG_WARN_QUOTED_INCLUDE_IN_FRAMEWORK_HEADER = YES;
				CLANG_WARN_RANGE_LOOP_ANALYSIS = YES;
				CLANG_WARN_STRICT_PROTOTYPES = YES;
				CLANG_WARN_SUSPICIOUS_MOVE = YES;
				CLANG_WARN_UNGUARDED_AVAILABILITY = YES_AGGRESSIVE;
				CLANG_WARN_UNREACHABLE_CODE = YES;
				CLANG_WARN__DUPLICATE_METHOD_MATCH = YES;
				COPY_PHASE_STRIP = NO;
				DEBUG_INFORMATION_FORMAT = dwarf;
				ENABLE_STRICT_OBJC_MSGSEND = YES;
				ENABLE_TESTABILITY = YES;
				ENABLE_USER_SCRIPT_SANDBOXING = YES;
				GCC_C_LANGUAGE_STANDARD = gnu17;
				GCC_DYNAMIC_NO_PIC = NO;
				GCC_NO_COMMON_BLOCKS = YES;
				GCC_OPTIMIZATION_LEVEL = 0;
				GCC_PREPROCESSOR_DEFINITIONS = (
					"DEBUG=1",
					"$(inherited)",
				);
				GCC_WARN_64_TO_32_BIT_CONVERSION = YES;
				GCC_WARN_ABOUT_RETURN_TYPE = YES_ERROR;
				GCC_WARN_UNDECLARED_SELECTOR = YES;
				GCC_WARN_UNINITIALIZED_AUTOS = YES_AGGRESSIVE;
				GCC_WARN_UNUSED_FUNCTION = YES;
				GCC_WARN_UNUSED_VARIABLE = YES;
				IPHONEOS_DEPLOYMENT_TARGET = 17.0;
				LOCALIZATION_PREFERS_STRING_CATALOGS = YES;
				MTL_ENABLE_DEBUG_INFO = INCLUDE_SOURCE;
				MTL_FAST_MATH = YES;
				ONLY_ACTIVE_ARCH = YES;
				SDKROOT = iphoneos;
				SWIFT_ACTIVE_COMPILATION_CONDITIONS = "DEBUG $(inherited)";
				SWIFT_OPTIMIZATION_LEVEL = "-Onone";
			};
			name = Debug;
		};
		8CEC93522CA4508700501975 /* Release */ = {
			isa = XCBuildConfiguration;
			buildSettings = {
				ALWAYS_SEARCH_USER_PATHS = NO;
				ASSETCATALOG_COMPILER_GENERATE_SWIFT_ASSET_SYMBOL_EXTENSIONS = YES;
				CLANG_ANALYZER_NONNULL = YES;
				CLANG_ANALYZER_NUMBER_OBJECT_CONVERSION = YES_AGGRESSIVE;
				CLANG_CXX_LANGUAGE_STANDARD = "gnu++20";
				CLANG_ENABLE_MODULES = YES;
				CLANG_ENABLE_OBJC_ARC = YES;
				CLANG_ENABLE_OBJC_WEAK = YES;
				CLANG_WARN_BLOCK_CAPTURE_AUTORELEASING = YES;
				CLANG_WARN_BOOL_CONVERSION = YES;
				CLANG_WARN_COMMA = YES;
				CLANG_WARN_CONSTANT_CONVERSION = YES;
				CLANG_WARN_DEPRECATED_OBJC_IMPLEMENTATIONS = YES;
				CLANG_WARN_DIRECT_OBJC_ISA_USAGE = YES_ERROR;
				CLANG_WARN_DOCUMENTATION_COMMENTS = YES;
				CLANG_WARN_EMPTY_BODY = YES;
				CLANG_WARN_ENUM_CONVERSION = YES;
				CLANG_WARN_INFINITE_RECURSION = YES;
				CLANG_WARN_INT_CONVERSION = YES;
				CLANG_WARN_NON_LITERAL_NULL_CONVERSION = YES;
				CLANG_WARN_OBJC_IMPLICIT_RETAIN_SELF = YES;
				CLANG_WARN_OBJC_LITERAL_CONVERSION = YES;
				CLANG_WARN_OBJC_ROOT_CLASS = YES_ERROR;
				CLANG_WARN_QUOTED_INCLUDE_IN_FRAMEWORK_HEADER = YES;
				CLANG_WARN_RANGE_LOOP_ANALYSIS = YES;
				CLANG_WARN_STRICT_PROTOTYPES = YES;
				CLANG_WARN_SUSPICIOUS_MOVE = YES;
				CLANG_WARN_UNGUARDED_AVAILABILITY = YES_AGGRESSIVE;
				CLANG_WARN_UNREACHABLE_CODE = YES;
				CLANG_WARN__DUPLICATE_METHOD_MATCH = YES;
				COPY_PHASE_STRIP = NO;
				DEBUG_INFORMATION_FORMAT = "dwarf-with-dsym";
				ENABLE_NS_ASSERTIONS = NO;
				ENABLE_STRICT_OBJC_MSGSEND = YES;
				ENABLE_USER_SCRIPT_SANDBOXING = YES;
				GCC_C_LANGUAGE_STANDARD = gnu17;
				GCC_NO_COMMON_BLOCKS = YES;
				GCC_WARN_64_TO_32_BIT_CONVERSION = YES;
				GCC_WARN_ABOUT_RETURN_TYPE = YES_ERROR;
				GCC_WARN_UNDECLARED_SELECTOR = YES;
				GCC_WARN_UNINITIALIZED_AUTOS = YES_AGGRESSIVE;
				GCC_WARN_UNUSED_FUNCTION = YES;
				GCC_WARN_UNUSED_VARIABLE = YES;
				IPHONEOS_DEPLOYMENT_TARGET = 17.0;
				LOCALIZATION_PREFERS_STRING_CATALOGS = YES;
				MTL_ENABLE_DEBUG_INFO = NO;
				MTL_FAST_MATH = YES;
				SDKROOT = iphoneos;
				SWIFT_COMPILATION_MODE = wholemodule;
				VALIDATE_PRODUCT = YES;
			};
			name = Release;
		};
		8CEC93542CA4508700501975 /* Debug */ = {
			isa = XCBuildConfiguration;
			buildSettings = {
				ASSETCATALOG_COMPILER_APPICON_NAME = AppIcon;
				ASSETCATALOG_COMPILER_GLOBAL_ACCENT_COLOR_NAME = AccentColor;
				CODE_SIGN_STYLE = Automatic;
				CURRENT_PROJECT_VERSION = 1;
				DEVELOPMENT_ASSET_PATHS = "\"Login Example/Preview Content\"";
				ENABLE_PREVIEWS = YES;
				GENERATE_INFOPLIST_FILE = YES;
				INFOPLIST_KEY_UIApplicationSceneManifest_Generation = YES;
				INFOPLIST_KEY_UIApplicationSupportsIndirectInputEvents = YES;
				INFOPLIST_KEY_UILaunchScreen_Generation = YES;
				INFOPLIST_KEY_UISupportedInterfaceOrientations_iPad = "UIInterfaceOrientationPortrait UIInterfaceOrientationPortraitUpsideDown UIInterfaceOrientationLandscapeLeft UIInterfaceOrientationLandscapeRight";
				INFOPLIST_KEY_UISupportedInterfaceOrientations_iPhone = "UIInterfaceOrientationPortrait UIInterfaceOrientationLandscapeLeft UIInterfaceOrientationLandscapeRight";
				LD_RUNPATH_SEARCH_PATHS = (
					"$(inherited)",
					"@executable_path/Frameworks",
				);
				MARKETING_VERSION = 1.0;
				PRODUCT_BUNDLE_IDENTIFIER = "com.frankc.Login-Example";
				PRODUCT_NAME = "$(TARGET_NAME)";
				SWIFT_EMIT_LOC_STRINGS = YES;
				SWIFT_VERSION = 5.0;
				TARGETED_DEVICE_FAMILY = "1,2";
			};
			name = Debug;
		};
		8CEC93552CA4508700501975 /* Release */ = {
			isa = XCBuildConfiguration;
			buildSettings = {
				ASSETCATALOG_COMPILER_APPICON_NAME = AppIcon;
				ASSETCATALOG_COMPILER_GLOBAL_ACCENT_COLOR_NAME = AccentColor;
				CODE_SIGN_STYLE = Automatic;
				CURRENT_PROJECT_VERSION = 1;
				DEVELOPMENT_ASSET_PATHS = "\"Login Example/Preview Content\"";
				ENABLE_PREVIEWS = YES;
				GENERATE_INFOPLIST_FILE = YES;
				INFOPLIST_KEY_UIApplicationSceneManifest_Generation = YES;
				INFOPLIST_KEY_UIApplicationSupportsIndirectInputEvents = YES;
				INFOPLIST_KEY_UILaunchScreen_Generation = YES;
				INFOPLIST_KEY_UISupportedInterfaceOrientations_iPad = "UIInterfaceOrientationPortrait UIInterfaceOrientationPortraitUpsideDown UIInterfaceOrientationLandscapeLeft UIInterfaceOrientationLandscapeRight";
				INFOPLIST_KEY_UISupportedInterfaceOrientations_iPhone = "UIInterfaceOrientationPortrait UIInterfaceOrientationLandscapeLeft UIInterfaceOrientationLandscapeRight";
				LD_RUNPATH_SEARCH_PATHS = (
					"$(inherited)",
					"@executable_path/Frameworks",
				);
				MARKETING_VERSION = 1.0;
				PRODUCT_BUNDLE_IDENTIFIER = "com.frankc.Login-Example";
				PRODUCT_NAME = "$(TARGET_NAME)";
				SWIFT_EMIT_LOC_STRINGS = YES;
				SWIFT_VERSION = 5.0;
				TARGETED_DEVICE_FAMILY = "1,2";
			};
			name = Release;
		};
		8CEC93572CA4508700501975 /* Debug */ = {
			isa = XCBuildConfiguration;
			buildSettings = {
				ALWAYS_EMBED_SWIFT_STANDARD_LIBRARIES = YES;
				BUNDLE_LOADER = "$(TEST_HOST)";
				CODE_SIGN_STYLE = Automatic;
				CURRENT_PROJECT_VERSION = 1;
				GENERATE_INFOPLIST_FILE = YES;
				IPHONEOS_DEPLOYMENT_TARGET = 17.0;
				MARKETING_VERSION = 1.0;
				PRODUCT_BUNDLE_IDENTIFIER = "com.frankc.Login-ExampleTests";
				PRODUCT_NAME = "$(TARGET_NAME)";
				SWIFT_EMIT_LOC_STRINGS = NO;
				SWIFT_VERSION = 5.0;
				TARGETED_DEVICE_FAMILY = "1,2";
				TEST_HOST = "$(BUILT_PRODUCTS_DIR)/Login Example.app/$(BUNDLE_EXECUTABLE_FOLDER_PATH)/Login Example";
			};
			name = Debug;
		};
		8CEC93582CA4508700501975 /* Release */ = {
			isa = XCBuildConfiguration;
			buildSettings = {
				ALWAYS_EMBED_SWIFT_STANDARD_LIBRARIES = YES;
				BUNDLE_LOADER = "$(TEST_HOST)";
				CODE_SIGN_STYLE = Automatic;
				CURRENT_PROJECT_VERSION = 1;
				GENERATE_INFOPLIST_FILE = YES;
				IPHONEOS_DEPLOYMENT_TARGET = 17.0;
				MARKETING_VERSION = 1.0;
				PRODUCT_BUNDLE_IDENTIFIER = "com.frankc.Login-ExampleTests";
				PRODUCT_NAME = "$(TARGET_NAME)";
				SWIFT_EMIT_LOC_STRINGS = NO;
				SWIFT_VERSION = 5.0;
				TARGETED_DEVICE_FAMILY = "1,2";
				TEST_HOST = "$(BUILT_PRODUCTS_DIR)/Login Example.app/$(BUNDLE_EXECUTABLE_FOLDER_PATH)/Login Example";
			};
			name = Release;
		};
		8CEC935A2CA4508700501975 /* Debug */ = {
			isa = XCBuildConfiguration;
			buildSettings = {
				ALWAYS_EMBED_SWIFT_STANDARD_LIBRARIES = YES;
				CODE_SIGN_STYLE = Automatic;
				CURRENT_PROJECT_VERSION = 1;
				GENERATE_INFOPLIST_FILE = YES;
				MARKETING_VERSION = 1.0;
				PRODUCT_BUNDLE_IDENTIFIER = "com.frankc.Login-ExampleUITests";
				PRODUCT_NAME = "$(TARGET_NAME)";
				SWIFT_EMIT_LOC_STRINGS = NO;
				SWIFT_VERSION = 5.0;
				TARGETED_DEVICE_FAMILY = "1,2";
				TEST_TARGET_NAME = "Login Example";
			};
			name = Debug;
		};
		8CEC935B2CA4508700501975 /* Release */ = {
			isa = XCBuildConfiguration;
			buildSettings = {
				ALWAYS_EMBED_SWIFT_STANDARD_LIBRARIES = YES;
				CODE_SIGN_STYLE = Automatic;
				CURRENT_PROJECT_VERSION = 1;
				GENERATE_INFOPLIST_FILE = YES;
				MARKETING_VERSION = 1.0;
				PRODUCT_BUNDLE_IDENTIFIER = "com.frankc.Login-ExampleUITests";
				PRODUCT_NAME = "$(TARGET_NAME)";
				SWIFT_EMIT_LOC_STRINGS = NO;
				SWIFT_VERSION = 5.0;
				TARGETED_DEVICE_FAMILY = "1,2";
				TEST_TARGET_NAME = "Login Example";
			};
			name = Release;
		};
/* End XCBuildConfiguration section */

/* Begin XCConfigurationList section */
		8CEC932A2CA4508400501975 /* Build configuration list for PBXProject "Login Example" */ = {
			isa = XCConfigurationList;
			buildConfigurations = (
				8CEC93512CA4508700501975 /* Debug */,
				8CEC93522CA4508700501975 /* Release */,
			);
			defaultConfigurationIsVisible = 0;
			defaultConfigurationName = Release;
		};
		8CEC93532CA4508700501975 /* Build configuration list for PBXNativeTarget "Login Example" */ = {
			isa = XCConfigurationList;
			buildConfigurations = (
				8CEC93542CA4508700501975 /* Debug */,
				8CEC93552CA4508700501975 /* Release */,
			);
			defaultConfigurationIsVisible = 0;
			defaultConfigurationName = Release;
		};
		8CEC93562CA4508700501975 /* Build configuration list for PBXNativeTarget "Login ExampleTests" */ = {
			isa = XCConfigurationList;
			buildConfigurations = (
				8CEC93572CA4508700501975 /* Debug */,
				8CEC93582CA4508700501975 /* Release */,
			);
			defaultConfigurationIsVisible = 0;
			defaultConfigurationName = Release;
		};
		8CEC93592CA4508700501975 /* Build configuration list for PBXNativeTarget "Login ExampleUITests" */ = {
			isa = XCConfigurationList;
			buildConfigurations = (
				8CEC935A2CA4508700501975 /* Debug */,
				8CEC935B2CA4508700501975 /* Release */,
			);
			defaultConfigurationIsVisible = 0;
			defaultConfigurationName = Release;
		};
/* End XCConfigurationList section */
	};
	rootObject = 8CEC93272CA4508400501975 /* Project object */;
}
